
Microsoft Visual Studio Solution File, Format Version 12.00
# Visual Studio Version 17
VisualStudioVersion = 17.14.36203.30 d17.14
MinimumVisualStudioVersion = 10.0.40219.1
Project("{FAE04EC0-301F-11D3-BF4B-00C04F79EFBC}") = "CanvasTest", "CanvasTest.csproj", "{BF6EB0E9-82D5-4549-A38F-848E8D33368D}"
EndProject
Global
	GlobalSection(SolutionConfigurationPlatforms) = preSolution
		Debug|Any CPU = Debug|Any CPU
		Release|Any CPU = Release|Any CPU
	EndGlobalSection
	GlobalSection(ProjectConfigurationPlatforms) = postSolution
		{BF6EB0E9-82D5-4549-A38F-848E8D33368D}.Debug|Any CPU.ActiveCfg = Debug|Any CPU
		{BF6EB0E9-82D5-4549-A38F-848E8D33368D}.Debug|Any CPU.Build.0 = Debug|Any CPU
		{BF6EB0E9-82D5-4549-A38F-848E8D33368D}.Release|Any CPU.ActiveCfg = Release|Any CPU
		{BF6EB0E9-82D5-4549-A38F-848E8D33368D}.Release|Any CPU.Build.0 = Release|Any CPU
	EndGlobalSection
	GlobalSection(SolutionProperties) = preSolution
		HideSolutionNode = FALSE
	EndGlobalSection
	GlobalSection(ExtensibilityGlobals) = postSolution
		SolutionGuid = {86976627-930B-4B41-BE2F-2D71B761069D}
	EndGlobalSection
EndGlobal
